// !$*UTF8*$!
{
	archiveVersion = 1;
	classes = {
	};
	objectVersion = 46;
	objects = {

/* Begin PBXBuildFile section */
		C5E5CC141BDF6780009B81A4 /* main.m in Sources */ = {isa = PBXBuildFile; fileRef = C5E5CC131BDF6780009B81A4 /* main.m */; };
		C5E5CC171BDF6780009B81A4 /* AppDelegate.m in Sources */ = {isa = PBXBuildFile; fileRef = C5E5CC161BDF6780009B81A4 /* AppDelegate.m */; };
		C5E5CC1A1BDF6780009B81A4 /* ViewController.m in Sources */ = {isa = PBXBuildFile; fileRef = C5E5CC191BDF6780009B81A4 /* ViewController.m */; };
		C5E5CC1D1BDF6780009B81A4 /* Main.storyboard in Resources */ = {isa = PBXBuildFile; fileRef = C5E5CC1B1BDF6780009B81A4 /* Main.storyboard */; };
		C5E5CC1F1BDF6780009B81A4 /* Images.xcassets in Resources */ = {isa = PBXBuildFile; fileRef = C5E5CC1E1BDF6780009B81A4 /* Images.xcassets */; };
		C5E5CC221BDF6780009B81A4 /* LaunchScreen.xib in Resources */ = {isa = PBXBuildFile; fileRef = C5E5CC201BDF6780009B81A4 /* LaunchScreen.xib */; };
		C5E5CC2E1BDF6781009B81A4 /* DropdownMenuViewDemoTests.m in Sources */ = {isa = PBXBuildFile; fileRef = C5E5CC2D1BDF6781009B81A4 /* DropdownMenuViewDemoTests.m */; };
		C5E5CC521BDF67A0009B81A4 /* Info.plist in Resources */ = {isa = PBXBuildFile; fileRef = C5E5CC381BDF67A0009B81A4 /* Info.plist */; };
		C5E5CC531BDF67A0009B81A4 /* MASCompositeConstraint.m in Sources */ = {isa = PBXBuildFile; fileRef = C5E5CC3A1BDF67A0009B81A4 /* MASCompositeConstraint.m */; };
		C5E5CC541BDF67A0009B81A4 /* MASConstraint.m in Sources */ = {isa = PBXBuildFile; fileRef = C5E5CC3D1BDF67A0009B81A4 /* MASConstraint.m */; };
		C5E5CC551BDF67A0009B81A4 /* MASConstraintMaker.m in Sources */ = {isa = PBXBuildFile; fileRef = C5E5CC3F1BDF67A0009B81A4 /* MASConstraintMaker.m */; };
		C5E5CC561BDF67A0009B81A4 /* MASLayoutConstraint.m in Sources */ = {isa = PBXBuildFile; fileRef = C5E5CC411BDF67A0009B81A4 /* MASLayoutConstraint.m */; };
		C5E5CC571BDF67A0009B81A4 /* MASViewAttribute.m in Sources */ = {isa = PBXBuildFile; fileRef = C5E5CC451BDF67A0009B81A4 /* MASViewAttribute.m */; };
		C5E5CC581BDF67A0009B81A4 /* MASViewConstraint.m in Sources */ = {isa = PBXBuildFile; fileRef = C5E5CC471BDF67A0009B81A4 /* MASViewConstraint.m */; };
		C5E5CC591BDF67A0009B81A4 /* NSArray+MASAdditions.m in Sources */ = {isa = PBXBuildFile; fileRef = C5E5CC491BDF67A0009B81A4 /* NSArray+MASAdditions.m */; };
		C5E5CC5A1BDF67A0009B81A4 /* NSLayoutConstraint+MASDebugAdditions.m in Sources */ = {isa = PBXBuildFile; fileRef = C5E5CC4C1BDF67A0009B81A4 /* NSLayoutConstraint+MASDebugAdditions.m */; };
		C5E5CC5B1BDF67A0009B81A4 /* View+MASAdditions.m in Sources */ = {isa = PBXBuildFile; fileRef = C5E5CC4E1BDF67A0009B81A4 /* View+MASAdditions.m */; };
		C5E5CC5C1BDF67A0009B81A4 /* ViewController+MASAdditions.m in Sources */ = {isa = PBXBuildFile; fileRef = C5E5CC511BDF67A0009B81A4 /* ViewController+MASAdditions.m */; };
		C5E5CC611BDF67B0009B81A4 /* dropdownmenuview.bundle in Resources */ = {isa = PBXBuildFile; fileRef = C5E5CC5E1BDF67B0009B81A4 /* dropdownmenuview.bundle */; };
		C5E5CC621BDF67B0009B81A4 /* DropdownMenuView.m in Sources */ = {isa = PBXBuildFile; fileRef = C5E5CC601BDF67B0009B81A4 /* DropdownMenuView.m */; };
/* End PBXBuildFile section */

/* Begin PBXContainerItemProxy section */
		C5E5CC281BDF6780009B81A4 /* PBXContainerItemProxy */ = {
			isa = PBXContainerItemProxy;
			containerPortal = C5E5CC061BDF6780009B81A4 /* Project object */;
			proxyType = 1;
			remoteGlobalIDString = C5E5CC0D1BDF6780009B81A4;
			remoteInfo = DropdownMenuViewDemo;
		};
/* End PBXContainerItemProxy section */

/* Begin PBXFileReference section */
		C5E5CC0E1BDF6780009B81A4 /* DropdownMenuViewDemo.app */ = {isa = PBXFileReference; explicitFileType = wrapper.application; includeInIndex = 0; path = DropdownMenuViewDemo.app; sourceTree = BUILT_PRODUCTS_DIR; };
		C5E5CC121BDF6780009B81A4 /* Info.plist */ = {isa = PBXFileReference; lastKnownFileType = text.plist.xml; path = Info.plist; sourceTree = "<group>"; };
		C5E5CC131BDF6780009B81A4 /* main.m */ = {isa = PBXFileReference; lastKnownFileType = sourcecode.c.objc; path = main.m; sourceTree = "<group>"; };
		C5E5CC151BDF6780009B81A4 /* AppDelegate.h */ = {isa = PBXFileReference; lastKnownFileType = sourcecode.c.h; path = AppDelegate.h; sourceTree = "<group>"; };
		C5E5CC161BDF6780009B81A4 /* AppDelegate.m */ = {isa = PBXFileReference; lastKnownFileType = sourcecode.c.objc; path = AppDelegate.m; sourceTree = "<group>"; };
		C5E5CC181BDF6780009B81A4 /* ViewController.h */ = {isa = PBXFileReference; lastKnownFileType = sourcecode.c.h; path = ViewController.h; sourceTree = "<group>"; };
		C5E5CC191BDF6780009B81A4 /* ViewController.m */ = {isa = PBXFileReference; lastKnownFileType = sourcecode.c.objc; path = ViewController.m; sourceTree = "<group>"; };
		C5E5CC1C1BDF6780009B81A4 /* Base */ = {isa = PBXFileReference; lastKnownFileType = file.storyboard; name = Base; path = Base.lproj/Main.storyboard; sourceTree = "<group>"; };
		C5E5CC1E1BDF6780009B81A4 /* Images.xcassets */ = {isa = PBXFileReference; lastKnownFileType = folder.assetcatalog; path = Images.xcassets; sourceTree = "<group>"; };
		C5E5CC211BDF6780009B81A4 /* Base */ = {isa = PBXFileReference; lastKnownFileType = file.xib; name = Base; path = Base.lproj/LaunchScreen.xib; sourceTree = "<group>"; };
		C5E5CC271BDF6780009B81A4 /* DropdownMenuViewDemoTests.xctest */ = {isa = PBXFileReference; explicitFileType = wrapper.cfbundle; includeInIndex = 0; path = DropdownMenuViewDemoTests.xctest; sourceTree = BUILT_PRODUCTS_DIR; };
		C5E5CC2C1BDF6781009B81A4 /* Info.plist */ = {isa = PBXFileReference; lastKnownFileType = text.plist.xml; path = Info.plist; sourceTree = "<group>"; };
		C5E5CC2D1BDF6781009B81A4 /* DropdownMenuViewDemoTests.m */ = {isa = PBXFileReference; lastKnownFileType = sourcecode.c.objc; path = DropdownMenuViewDemoTests.m; sourceTree = "<group>"; };
		C5E5CC381BDF67A0009B81A4 /* Info.plist */ = {isa = PBXFileReference; fileEncoding = 4; lastKnownFileType = text.plist.xml; path = Info.plist; sourceTree = "<group>"; };
		C5E5CC391BDF67A0009B81A4 /* MASCompositeConstraint.h */ = {isa = PBXFileReference; fileEncoding = 4; lastKnownFileType = sourcecode.c.h; path = MASCompositeConstraint.h; sourceTree = "<group>"; };
		C5E5CC3A1BDF67A0009B81A4 /* MASCompositeConstraint.m */ = {isa = PBXFileReference; fileEncoding = 4; lastKnownFileType = sourcecode.c.objc; path = MASCompositeConstraint.m; sourceTree = "<group>"; };
		C5E5CC3B1BDF67A0009B81A4 /* MASConstraint+Private.h */ = {isa = PBXFileReference; fileEncoding = 4; lastKnownFileType = sourcecode.c.h; path = "MASConstraint+Private.h"; sourceTree = "<group>"; };
		C5E5CC3C1BDF67A0009B81A4 /* MASConstraint.h */ = {isa = PBXFileReference; fileEncoding = 4; lastKnownFileType = sourcecode.c.h; path = MASConstraint.h; sourceTree = "<group>"; };
		C5E5CC3D1BDF67A0009B81A4 /* MASConstraint.m */ = {isa = PBXFileReference; fileEncoding = 4; lastKnownFileType = sourcecode.c.objc; path = MASConstraint.m; sourceTree = "<group>"; };
		C5E5CC3E1BDF67A0009B81A4 /* MASConstraintMaker.h */ = {isa = PBXFileReference; fileEncoding = 4; lastKnownFileType = sourcecode.c.h; path = MASConstraintMaker.h; sourceTree = "<group>"; };
		C5E5CC3F1BDF67A0009B81A4 /* MASConstraintMaker.m */ = {isa = PBXFileReference; fileEncoding = 4; lastKnownFileType = sourcecode.c.objc; path = MASConstraintMaker.m; sourceTree = "<group>"; };
		C5E5CC401BDF67A0009B81A4 /* MASLayoutConstraint.h */ = {isa = PBXFileReference; fileEncoding = 4; lastKnownFileType = sourcecode.c.h; path = MASLayoutConstraint.h; sourceTree = "<group>"; };
		C5E5CC411BDF67A0009B81A4 /* MASLayoutConstraint.m */ = {isa = PBXFileReference; fileEncoding = 4; lastKnownFileType = sourcecode.c.objc; path = MASLayoutConstraint.m; sourceTree = "<group>"; };
		C5E5CC421BDF67A0009B81A4 /* Masonry.h */ = {isa = PBXFileReference; fileEncoding = 4; lastKnownFileType = sourcecode.c.h; path = Masonry.h; sourceTree = "<group>"; };
		C5E5CC431BDF67A0009B81A4 /* MASUtilities.h */ = {isa = PBXFileReference; fileEncoding = 4; lastKnownFileType = sourcecode.c.h; path = MASUtilities.h; sourceTree = "<group>"; };
		C5E5CC441BDF67A0009B81A4 /* MASViewAttribute.h */ = {isa = PBXFileReference; fileEncoding = 4; lastKnownFileType = sourcecode.c.h; path = MASViewAttribute.h; sourceTree = "<group>"; };
		C5E5CC451BDF67A0009B81A4 /* MASViewAttribute.m */ = {isa = PBXFileReference; fileEncoding = 4; lastKnownFileType = sourcecode.c.objc; path = MASViewAttribute.m; sourceTree = "<group>"; };
		C5E5CC461BDF67A0009B81A4 /* MASViewConstraint.h */ = {isa = PBXFileReference; fileEncoding = 4; lastKnownFileType = sourcecode.c.h; path = MASViewConstraint.h; sourceTree = "<group>"; };
		C5E5CC471BDF67A0009B81A4 /* MASViewConstraint.m */ = {isa = PBXFileReference; fileEncoding = 4; lastKnownFileType = sourcecode.c.objc; path = MASViewConstraint.m; sourceTree = "<group>"; };
		C5E5CC481BDF67A0009B81A4 /* NSArray+MASAdditions.h */ = {isa = PBXFileReference; fileEncoding = 4; lastKnownFileType = sourcecode.c.h; path = "NSArray+MASAdditions.h"; sourceTree = "<group>"; };
		C5E5CC491BDF67A0009B81A4 /* NSArray+MASAdditions.m */ = {isa = PBXFileReference; fileEncoding = 4; lastKnownFileType = sourcecode.c.objc; path = "NSArray+MASAdditions.m"; sourceTree = "<group>"; };
		C5E5CC4A1BDF67A0009B81A4 /* NSArray+MASShorthandAdditions.h */ = {isa = PBXFileReference; fileEncoding = 4; lastKnownFileType = sourcecode.c.h; path = "NSArray+MASShorthandAdditions.h"; sourceTree = "<group>"; };
		C5E5CC4B1BDF67A0009B81A4 /* NSLayoutConstraint+MASDebugAdditions.h */ = {isa = PBXFileReference; fileEncoding = 4; lastKnownFileType = sourcecode.c.h; path = "NSLayoutConstraint+MASDebugAdditions.h"; sourceTree = "<group>"; };
		C5E5CC4C1BDF67A0009B81A4 /* NSLayoutConstraint+MASDebugAdditions.m */ = {isa = PBXFileReference; fileEncoding = 4; lastKnownFileType = sourcecode.c.objc; path = "NSLayoutConstraint+MASDebugAdditions.m"; sourceTree = "<group>"; };
		C5E5CC4D1BDF67A0009B81A4 /* View+MASAdditions.h */ = {isa = PBXFileReference; fileEncoding = 4; lastKnownFileType = sourcecode.c.h; path = "View+MASAdditions.h"; sourceTree = "<group>"; };
		C5E5CC4E1BDF67A0009B81A4 /* View+MASAdditions.m */ = {isa = PBXFileReference; fileEncoding = 4; lastKnownFileType = sourcecode.c.objc; path = "View+MASAdditions.m"; sourceTree = "<group>"; };
		C5E5CC4F1BDF67A0009B81A4 /* View+MASShorthandAdditions.h */ = {isa = PBXFileReference; fileEncoding = 4; lastKnownFileType = sourcecode.c.h; path = "View+MASShorthandAdditions.h"; sourceTree = "<group>"; };
		C5E5CC501BDF67A0009B81A4 /* ViewController+MASAdditions.h */ = {isa = PBXFileReference; fileEncoding = 4; lastKnownFileType = sourcecode.c.h; path = "ViewController+MASAdditions.h"; sourceTree = "<group>"; };
		C5E5CC511BDF67A0009B81A4 /* ViewController+MASAdditions.m */ = {isa = PBXFileReference; fileEncoding = 4; lastKnownFileType = sourcecode.c.objc; path = "ViewController+MASAdditions.m"; sourceTree = "<group>"; };
		C5E5CC5E1BDF67B0009B81A4 /* dropdownmenuview.bundle */ = {isa = PBXFileReference; lastKnownFileType = "wrapper.plug-in"; path = dropdownmenuview.bundle; sourceTree = "<group>"; };
		C5E5CC5F1BDF67B0009B81A4 /* DropdownMenuView.h */ = {isa = PBXFileReference; fileEncoding = 4; lastKnownFileType = sourcecode.c.h; path = DropdownMenuView.h; sourceTree = "<group>"; };
		C5E5CC601BDF67B0009B81A4 /* DropdownMenuView.m */ = {isa = PBXFileReference; fileEncoding = 4; lastKnownFileType = sourcecode.c.objc; path = DropdownMenuView.m; sourceTree = "<group>"; };
/* End PBXFileReference section */

/* Begin PBXFrameworksBuildPhase section */
		C5E5CC0B1BDF6780009B81A4 /* Frameworks */ = {
			isa = PBXFrameworksBuildPhase;
			buildActionMask = 2147483647;
			files = (
			);
			runOnlyForDeploymentPostprocessing = 0;
		};
		C5E5CC241BDF6780009B81A4 /* Frameworks */ = {
			isa = PBXFrameworksBuildPhase;
			buildActionMask = 2147483647;
			files = (
			);
			runOnlyForDeploymentPostprocessing = 0;
		};
/* End PBXFrameworksBuildPhase section */

/* Begin PBXGroup section */
		C5E5CC051BDF6780009B81A4 = {
			isa = PBXGroup;
			children = (
				C5E5CC101BDF6780009B81A4 /* DropdownMenuViewDemo */,
				C5E5CC2A1BDF6781009B81A4 /* DropdownMenuViewDemoTests */,
				C5E5CC0F1BDF6780009B81A4 /* Products */,
			);
			sourceTree = "<group>";
		};
		C5E5CC0F1BDF6780009B81A4 /* Products */ = {
			isa = PBXGroup;
			children = (
				C5E5CC0E1BDF6780009B81A4 /* DropdownMenuViewDemo.app */,
				C5E5CC271BDF6780009B81A4 /* DropdownMenuViewDemoTests.xctest */,
			);
			name = Products;
			sourceTree = "<group>";
		};
		C5E5CC101BDF6780009B81A4 /* DropdownMenuViewDemo */ = {
			isa = PBXGroup;
			children = (
				C5E5CC5D1BDF67B0009B81A4 /* DropdownMenuView */,
				C5E5CC371BDF67A0009B81A4 /* Masonry */,
				C5E5CC151BDF6780009B81A4 /* AppDelegate.h */,
				C5E5CC161BDF6780009B81A4 /* AppDelegate.m */,
				C5E5CC181BDF6780009B81A4 /* ViewController.h */,
				C5E5CC191BDF6780009B81A4 /* ViewController.m */,
				C5E5CC1B1BDF6780009B81A4 /* Main.storyboard */,
				C5E5CC1E1BDF6780009B81A4 /* Images.xcassets */,
				C5E5CC201BDF6780009B81A4 /* LaunchScreen.xib */,
				C5E5CC111BDF6780009B81A4 /* Supporting Files */,
			);
			path = DropdownMenuViewDemo;
			sourceTree = "<group>";
		};
		C5E5CC111BDF6780009B81A4 /* Supporting Files */ = {
			isa = PBXGroup;
			children = (
				C5E5CC121BDF6780009B81A4 /* Info.plist */,
				C5E5CC131BDF6780009B81A4 /* main.m */,
			);
			name = "Supporting Files";
			sourceTree = "<group>";
		};
		C5E5CC2A1BDF6781009B81A4 /* DropdownMenuViewDemoTests */ = {
			isa = PBXGroup;
			children = (
				C5E5CC2D1BDF6781009B81A4 /* DropdownMenuViewDemoTests.m */,
				C5E5CC2B1BDF6781009B81A4 /* Supporting Files */,
			);
			path = DropdownMenuViewDemoTests;
			sourceTree = "<group>";
		};
		C5E5CC2B1BDF6781009B81A4 /* Supporting Files */ = {
			isa = PBXGroup;
			children = (
				C5E5CC2C1BDF6781009B81A4 /* Info.plist */,
			);
			name = "Supporting Files";
			sourceTree = "<group>";
		};
		C5E5CC371BDF67A0009B81A4 /* Masonry */ = {
			isa = PBXGroup;
			children = (
				C5E5CC381BDF67A0009B81A4 /* Info.plist */,
				C5E5CC391BDF67A0009B81A4 /* MASCompositeConstraint.h */,
				C5E5CC3A1BDF67A0009B81A4 /* MASCompositeConstraint.m */,
				C5E5CC3B1BDF67A0009B81A4 /* MASConstraint+Private.h */,
				C5E5CC3C1BDF67A0009B81A4 /* MASConstraint.h */,
				C5E5CC3D1BDF67A0009B81A4 /* MASConstraint.m */,
				C5E5CC3E1BDF67A0009B81A4 /* MASConstraintMaker.h */,
				C5E5CC3F1BDF67A0009B81A4 /* MASConstraintMaker.m */,
				C5E5CC401BDF67A0009B81A4 /* MASLayoutConstraint.h */,
				C5E5CC411BDF67A0009B81A4 /* MASLayoutConstraint.m */,
				C5E5CC421BDF67A0009B81A4 /* Masonry.h */,
				C5E5CC431BDF67A0009B81A4 /* MASUtilities.h */,
				C5E5CC441BDF67A0009B81A4 /* MASViewAttribute.h */,
				C5E5CC451BDF67A0009B81A4 /* MASViewAttribute.m */,
				C5E5CC461BDF67A0009B81A4 /* MASViewConstraint.h */,
				C5E5CC471BDF67A0009B81A4 /* MASViewConstraint.m */,
				C5E5CC481BDF67A0009B81A4 /* NSArray+MASAdditions.h */,
				C5E5CC491BDF67A0009B81A4 /* NSArray+MASAdditions.m */,
				C5E5CC4A1BDF67A0009B81A4 /* NSArray+MASShorthandAdditions.h */,
				C5E5CC4B1BDF67A0009B81A4 /* NSLayoutConstraint+MASDebugAdditions.h */,
				C5E5CC4C1BDF67A0009B81A4 /* NSLayoutConstraint+MASDebugAdditions.m */,
				C5E5CC4D1BDF67A0009B81A4 /* View+MASAdditions.h */,
				C5E5CC4E1BDF67A0009B81A4 /* View+MASAdditions.m */,
				C5E5CC4F1BDF67A0009B81A4 /* View+MASShorthandAdditions.h */,
				C5E5CC501BDF67A0009B81A4 /* ViewController+MASAdditions.h */,
				C5E5CC511BDF67A0009B81A4 /* ViewController+MASAdditions.m */,
			);
			path = Masonry;
			sourceTree = "<group>";
		};
		C5E5CC5D1BDF67B0009B81A4 /* DropdownMenuView */ = {
			isa = PBXGroup;
			children = (
				C5E5CC5E1BDF67B0009B81A4 /* dropdownmenuview.bundle */,
				C5E5CC5F1BDF67B0009B81A4 /* DropdownMenuView.h */,
				C5E5CC601BDF67B0009B81A4 /* DropdownMenuView.m */,
			);
			path = DropdownMenuView;
			sourceTree = "<group>";
		};
/* End PBXGroup section */

/* Begin PBXNativeTarget section */
		C5E5CC0D1BDF6780009B81A4 /* DropdownMenuViewDemo */ = {
			isa = PBXNativeTarget;
			buildConfigurationList = C5E5CC311BDF6781009B81A4 /* Build configuration list for PBXNativeTarget "DropdownMenuViewDemo" */;
			buildPhases = (
				C5E5CC0A1BDF6780009B81A4 /* Sources */,
				C5E5CC0B1BDF6780009B81A4 /* Frameworks */,
				C5E5CC0C1BDF6780009B81A4 /* Resources */,
			);
			buildRules = (
			);
			dependencies = (
			);
			name = DropdownMenuViewDemo;
			productName = DropdownMenuViewDemo;
			productReference = C5E5CC0E1BDF6780009B81A4 /* DropdownMenuViewDemo.app */;
			productType = "com.apple.product-type.application";
		};
		C5E5CC261BDF6780009B81A4 /* DropdownMenuViewDemoTests */ = {
			isa = PBXNativeTarget;
			buildConfigurationList = C5E5CC341BDF6781009B81A4 /* Build configuration list for PBXNativeTarget "DropdownMenuViewDemoTests" */;
			buildPhases = (
				C5E5CC231BDF6780009B81A4 /* Sources */,
				C5E5CC241BDF6780009B81A4 /* Frameworks */,
				C5E5CC251BDF6780009B81A4 /* Resources */,
			);
			buildRules = (
			);
			dependencies = (
				C5E5CC291BDF6780009B81A4 /* PBXTargetDependency */,
			);
			name = DropdownMenuViewDemoTests;
			productName = DropdownMenuViewDemoTests;
			productReference = C5E5CC271BDF6780009B81A4 /* DropdownMenuViewDemoTests.xctest */;
			productType = "com.apple.product-type.bundle.unit-test";
		};
/* End PBXNativeTarget section */

/* Begin PBXProject section */
		C5E5CC061BDF6780009B81A4 /* Project object */ = {
			isa = PBXProject;
			attributes = {
				LastUpgradeCheck = 0640;
				ORGANIZATIONNAME = "Shenme Studio";
				TargetAttributes = {
					C5E5CC0D1BDF6780009B81A4 = {
						CreatedOnToolsVersion = 6.4;
					};
					C5E5CC261BDF6780009B81A4 = {
						CreatedOnToolsVersion = 6.4;
						TestTargetID = C5E5CC0D1BDF6780009B81A4;
					};
				};
			};
			buildConfigurationList = C5E5CC091BDF6780009B81A4 /* Build configuration list for PBXProject "DropdownMenuViewDemo" */;
			compatibilityVersion = "Xcode 3.2";
			developmentRegion = English;
			hasScannedForEncodings = 0;
			knownRegions = (
				en,
				Base,
			);
			mainGroup = C5E5CC051BDF6780009B81A4;
			productRefGroup = C5E5CC0F1BDF6780009B81A4 /* Products */;
			projectDirPath = "";
			projectRoot = "";
			targets = (
				C5E5CC0D1BDF6780009B81A4 /* DropdownMenuViewDemo */,
				C5E5CC261BDF6780009B81A4 /* DropdownMenuViewDemoTests */,
			);
		};
/* End PBXProject section */

/* Begin PBXResourcesBuildPhase section */
		C5E5CC0C1BDF6780009B81A4 /* Resources */ = {
			isa = PBXResourcesBuildPhase;
			buildActionMask = 2147483647;
			files = (
				C5E5CC521BDF67A0009B81A4 /* Info.plist in Resources */,
				C5E5CC611BDF67B0009B81A4 /* dropdownmenuview.bundle in Resources */,
				C5E5CC1D1BDF6780009B81A4 /* Main.storyboard in Resources */,
				C5E5CC221BDF6780009B81A4 /* LaunchScreen.xib in Resources */,
				C5E5CC1F1BDF6780009B81A4 /* Images.xcassets in Resources */,
			);
			runOnlyForDeploymentPostprocessing = 0;
		};
		C5E5CC251BDF6780009B81A4 /* Resources */ = {
			isa = PBXResourcesBuildPhase;
			buildActionMask = 2147483647;
			files = (
			);
			runOnlyForDeploymentPostprocessing = 0;
		};
/* End PBXResourcesBuildPhase section */

/* Begin PBXSourcesBuildPhase section */
		C5E5CC0A1BDF6780009B81A4 /* Sources */ = {
			isa = PBXSourcesBuildPhase;
			buildActionMask = 2147483647;
			files = (
				C5E5CC5A1BDF67A0009B81A4 /* NSLayoutConstraint+MASDebugAdditions.m in Sources */,
				C5E5CC581BDF67A0009B81A4 /* MASViewConstraint.m in Sources */,
				C5E5CC621BDF67B0009B81A4 /* DropdownMenuView.m in Sources */,
				C5E5CC531BDF67A0009B81A4 /* MASCompositeConstraint.m in Sources */,
				C5E5CC591BDF67A0009B81A4 /* NSArray+MASAdditions.m in Sources */,
				C5E5CC1A1BDF6780009B81A4 /* ViewController.m in Sources */,
				C5E5CC171BDF6780009B81A4 /* AppDelegate.m in Sources */,
				C5E5CC561BDF67A0009B81A4 /* MASLayoutConstraint.m in Sources */,
				C5E5CC141BDF6780009B81A4 /* main.m in Sources */,
				C5E5CC5C1BDF67A0009B81A4 /* ViewController+MASAdditions.m in Sources */,
				C5E5CC5B1BDF67A0009B81A4 /* View+MASAdditions.m in Sources */,
				C5E5CC571BDF67A0009B81A4 /* MASViewAttribute.m in Sources */,
				C5E5CC541BDF67A0009B81A4 /* MASConstraint.m in Sources */,
				C5E5CC551BDF67A0009B81A4 /* MASConstraintMaker.m in Sources */,
			);
			runOnlyForDeploymentPostprocessing = 0;
		};
		C5E5CC231BDF6780009B81A4 /* Sources */ = {
			isa = PBXSourcesBuildPhase;
			buildActionMask = 2147483647;
			files = (
				C5E5CC2E1BDF6781009B81A4 /* DropdownMenuViewDemoTests.m in Sources */,
			);
			runOnlyForDeploymentPostprocessing = 0;
		};
/* End PBXSourcesBuildPhase section */

/* Begin PBXTargetDependency section */
		C5E5CC291BDF6780009B81A4 /* PBXTargetDependency */ = {
			isa = PBXTargetDependency;
			target = C5E5CC0D1BDF6780009B81A4 /* DropdownMenuViewDemo */;
			targetProxy = C5E5CC281BDF6780009B81A4 /* PBXContainerItemProxy */;
		};
/* End PBXTargetDependency section */

/* Begin PBXVariantGroup section */
		C5E5CC1B1BDF6780009B81A4 /* Main.storyboard */ = {
			isa = PBXVariantGroup;
			children = (
				C5E5CC1C1BDF6780009B81A4 /* Base */,
			);
			name = Main.storyboard;
			sourceTree = "<group>";
		};
		C5E5CC201BDF6780009B81A4 /* LaunchScreen.xib */ = {
			isa = PBXVariantGroup;
			children = (
				C5E5CC211BDF6780009B81A4 /* Base */,
			);
			name = LaunchScreen.xib;
			sourceTree = "<group>";
		};
/* End PBXVariantGroup section */

/* Begin XCBuildConfiguration section */
		C5E5CC2F1BDF6781009B81A4 /* Debug */ = {
			isa = XCBuildConfiguration;
			buildSettings = {
				ALWAYS_SEARCH_USER_PATHS = NO;
				CLANG_CXX_LANGUAGE_STANDARD = "gnu++0x";
				CLANG_CXX_LIBRARY = "libc++";
				CLANG_ENABLE_MODULES = YES;
				CLANG_ENABLE_OBJC_ARC = YES;
				CLANG_WARN_BOOL_CONVERSION = YES;
				CLANG_WARN_CONSTANT_CONVERSION = YES;
				CLANG_WARN_DIRECT_OBJC_ISA_USAGE = YES_ERROR;
				CLANG_WARN_EMPTY_BODY = YES;
				CLANG_WARN_ENUM_CONVERSION = YES;
				CLANG_WARN_INT_CONVERSION = YES;
				CLANG_WARN_OBJC_ROOT_CLASS = YES_ERROR;
				CLANG_WARN_UNREACHABLE_CODE = YES;
				CLANG_WARN__DUPLICATE_METHOD_MATCH = YES;
				"CODE_SIGN_IDENTITY[sdk=iphoneos*]" = "iPhone Developer";
				COPY_PHASE_STRIP = NO;
				DEBUG_INFORMATION_FORMAT = "dwarf-with-dsym";
				ENABLE_STRICT_OBJC_MSGSEND = YES;
				GCC_C_LANGUAGE_STANDARD = gnu99;
				GCC_DYNAMIC_NO_PIC = NO;
				GCC_NO_COMMON_BLOCKS = YES;
				GCC_OPTIMIZATION_LEVEL = 0;
				GCC_PREPROCESSOR_DEFINITIONS = (
					"DEBUG=1",
					"$(inherited)",
				);
				GCC_SYMBOLS_PRIVATE_EXTERN = NO;
				GCC_WARN_64_TO_32_BIT_CONVERSION = YES;
				GCC_WARN_ABOUT_RETURN_TYPE = YES_ERROR;
				GCC_WARN_UNDECLARED_SELECTOR = YES;
				GCC_WARN_UNINITIALIZED_AUTOS = YES_AGGRESSIVE;
				GCC_WARN_UNUSED_FUNCTION = YES;
				GCC_WARN_UNUSED_VARIABLE = YES;
				IPHONEOS_DEPLOYMENT_TARGET = 8.4;
				MTL_ENABLE_DEBUG_INFO = YES;
				ONLY_ACTIVE_ARCH = YES;
				SDKROOT = iphoneos;
			};
			name = Debug;
		};
		C5E5CC301BDF6781009B81A4 /* Release */ = {
			isa = XCBuildConfiguration;
			buildSettings = {
				ALWAYS_SEARCH_USER_PATHS = NO;
				CLANG_CXX_LANGUAGE_STANDARD = "gnu++0x";
				CLANG_CXX_LIBRARY = "libc++";
				CLANG_ENABLE_MODULES = YES;
				CLANG_ENABLE_OBJC_ARC = YES;
				CLANG_WARN_BOOL_CONVERSION = YES;
				CLANG_WARN_CONSTANT_CONVERSION = YES;
				CLANG_WARN_DIRECT_OBJC_ISA_USAGE = YES_ERROR;
				CLANG_WARN_EMPTY_BODY = YES;
				CLANG_WARN_ENUM_CONVERSION = YES;
				CLANG_WARN_INT_CONVERSION = YES;
				CLANG_WARN_OBJC_ROOT_CLASS = YES_ERROR;
				CLANG_WARN_UNREACHABLE_CODE = YES;
				CLANG_WARN__DUPLICATE_METHOD_MATCH = YES;
				"CODE_SIGN_IDENTITY[sdk=iphoneos*]" = "iPhone Developer";
				COPY_PHASE_STRIP = NO;
				DEBUG_INFORMATION_FORMAT = "dwarf-with-dsym";
				ENABLE_NS_ASSERTIONS = NO;
				ENABLE_STRICT_OBJC_MSGSEND = YES;
				GCC_C_LANGUAGE_STANDARD = gnu99;
				GCC_NO_COMMON_BLOCKS = YES;
				GCC_WARN_64_TO_32_BIT_CONVERSION = YES;
				GCC_WARN_ABOUT_RETURN_TYPE = YES_ERROR;
				GCC_WARN_UNDECLARED_SELECTOR = YES;
				GCC_WARN_UNINITIALIZED_AUTOS = YES_AGGRESSIVE;
				GCC_WARN_UNUSED_FUNCTION = YES;
				GCC_WARN_UNUSED_VARIABLE = YES;
				IPHONEOS_DEPLOYMENT_TARGET = 8.4;
				MTL_ENABLE_DEBUG_INFO = NO;
				SDKROOT = iphoneos;
				VALIDATE_PRODUCT = YES;
			};
			name = Release;
		};
		C5E5CC321BDF6781009B81A4 /* Debug */ = {
			isa = XCBuildConfiguration;
			buildSettings = {
				ASSETCATALOG_COMPILER_APPICON_NAME = AppIcon;
				INFOPLIST_FILE = DropdownMenuViewDemo/Info.plist;
				LD_RUNPATH_SEARCH_PATHS = "$(inherited) @executable_path/Frameworks";
				PRODUCT_NAME = "$(TARGET_NAME)";
			};
			name = Debug;
		};
		C5E5CC331BDF6781009B81A4 /* Release */ = {
			isa = XCBuildConfiguration;
			buildSettings = {
				ASSETCATALOG_COMPILER_APPICON_NAME = AppIcon;
				INFOPLIST_FILE = DropdownMenuViewDemo/Info.plist;
				LD_RUNPATH_SEARCH_PATHS = "$(inherited) @executable_path/Frameworks";
				PRODUCT_NAME = "$(TARGET_NAME)";
			};
			name = Release;
		};
		C5E5CC351BDF6781009B81A4 /* Debug */ = {
			isa = XCBuildConfiguration;
			buildSettings = {
				BUNDLE_LOADER = "$(TEST_HOST)";
				FRAMEWORK_SEARCH_PATHS = (
					"$(SDKROOT)/Developer/Library/Frameworks",
					"$(inherited)",
				);
				GCC_PREPROCESSOR_DEFINITIONS = (
					"DEBUG=1",
					"$(inherited)",
				);
				INFOPLIST_FILE = DropdownMenuViewDemoTests/Info.plist;
				LD_RUNPATH_SEARCH_PATHS = "$(inherited) @executable_path/Frameworks @loader_path/Frameworks";
				PRODUCT_NAME = "$(TARGET_NAME)";
				TEST_HOST = "$(BUILT_PRODUCTS_DIR)/DropdownMenuViewDemo.app/DropdownMenuViewDemo";
			};
			name = Debug;
		};
		C5E5CC361BDF6781009B81A4 /* Release */ = {
			isa = XCBuildConfiguration;
			buildSettings = {
				BUNDLE_LOADER = "$(TEST_HOST)";
				FRAMEWORK_SEARCH_PATHS = (
					"$(SDKROOT)/Developer/Library/Frameworks",
					"$(inherited)",
				);
				INFOPLIST_FILE = DropdownMenuViewDemoTests/Info.plist;
				LD_RUNPATH_SEARCH_PATHS = "$(inherited) @executable_path/Frameworks @loader_path/Frameworks";
				PRODUCT_NAME = "$(TARGET_NAME)";
				TEST_HOST = "$(BUILT_PRODUCTS_DIR)/DropdownMenuViewDemo.app/DropdownMenuViewDemo";
			};
			name = Release;
		};
/* End XCBuildConfiguration section */

/* Begin XCConfigurationList section */
		C5E5CC091BDF6780009B81A4 /* Build configuration list for PBXProject "DropdownMenuViewDemo" */ = {
			isa = XCConfigurationList;
			buildConfigurations = (
				C5E5CC2F1BDF6781009B81A4 /* Debug */,
				C5E5CC301BDF6781009B81A4 /* Release */,
			);
			defaultConfigurationIsVisible = 0;
			defaultConfigurationName = Release;
		};
		C5E5CC311BDF6781009B81A4 /* Build configuration list for PBXNativeTarget "DropdownMenuViewDemo" */ = {
			isa = XCConfigurationList;
			buildConfigurations = (
				C5E5CC321BDF6781009B81A4 /* Debug */,
				C5E5CC331BDF6781009B81A4 /* Release */,
			);
			defaultConfigurationIsVisible = 0;
		};
		C5E5CC341BDF6781009B81A4 /* Build configuration list for PBXNativeTarget "DropdownMenuViewDemoTests" */ = {
			isa = XCConfigurationList;
			buildConfigurations = (
				C5E5CC351BDF6781009B81A4 /* Debug */,
				C5E5CC361BDF6781009B81A4 /* Release */,
			);
			defaultConfigurationIsVisible = 0;
		};
/* End XCConfigurationList section */
	};
	rootObject = C5E5CC061BDF6780009B81A4 /* Project object */;
}
